{
  "name": "42KL-hypertube",
  "lockfileVersion": 3,
  "requires": true,
  "packages": {
    "": {
      "dependencies": {
        "@next/env": "^15.1.3"
      }
    },
    "node_modules/@next/env": {
      "version": "15.1.3",
      "resolved": "https://registry.npmjs.org/@next/env/-/env-15.1.3.tgz",
      "integrity": "sha512-Q1tXwQCGWyA3ehMph3VO+E6xFPHDKdHFYosadt0F78EObYxPio0S09H9UGYznDe6Wc8eLKLG89GqcFJJDiK5xw==",
      "license": "MIT"
    }
  }
}
